{
  "projects": [
    {
      "projectId": "obJD8bjnvRnfLLVZUByk6i",
      "version": "latest",
      "dependencies": {},
      "lang": "ts",
      "fileLocks": [
        {
          "type": "globalVariant",
          "assetId": "JbYU71vkK0cxh7",
          "checksum": "888b79c1f8b77bd476a9d1a199a08b4e"
        },
        {
          "assetId": "obJD8bjnvRnfLLVZUByk6i",
          "type": "projectCss",
          "checksum": "85c35c6e5150bbcab4231655d15b04bf"
        },
        {
          "type": "renderModule",
          "assetId": "6A_iigIjwKj8b",
          "checksum": "acba9cb94e9e971d1d636fce5b11007b"
        },
        {
          "type": "cssRules",
          "assetId": "6A_iigIjwKj8b",
          "checksum": "acba9cb94e9e971d1d636fce5b11007b"
        },
        {
          "type": "renderModule",
          "assetId": "I9ljlpzWnaH0e",
          "checksum": "f92414c5974c1fb1ac927bdfea8ee1a6"
        },
        {
          "type": "cssRules",
          "assetId": "I9ljlpzWnaH0e",
          "checksum": "f92414c5974c1fb1ac927bdfea8ee1a6"
        },
        {
          "type": "renderModule",
          "assetId": "SckzUMbS34sCD",
          "checksum": "0acefd456b044da7ebc603b5bb070b4b"
        },
        {
          "type": "cssRules",
          "assetId": "SckzUMbS34sCD",
          "checksum": "0acefd456b044da7ebc603b5bb070b4b"
        },
        {
          "type": "renderModule",
          "assetId": "AJ2OtggAtTstX",
          "checksum": "d4a7cf37d0bf47d762acba13ae3a9a22"
        },
        {
          "type": "cssRules",
          "assetId": "AJ2OtggAtTstX",
          "checksum": "d4a7cf37d0bf47d762acba13ae3a9a22"
        },
        {
          "type": "renderModule",
          "assetId": "ghK6zs_Wou-G8Z",
          "checksum": "2299afc50b0f9c4fceb476204699622c"
        },
        {
          "type": "cssRules",
          "assetId": "ghK6zs_Wou-G8Z",
          "checksum": "2299afc50b0f9c4fceb476204699622c"
        },
        {
          "type": "renderModule",
          "assetId": "Al4HJPuUVlwNVT",
          "checksum": "4f46d687315d7326ccc9edfb6888dc8c"
        },
        {
          "type": "cssRules",
          "assetId": "Al4HJPuUVlwNVT",
          "checksum": "4f46d687315d7326ccc9edfb6888dc8c"
        },
        {
          "type": "renderModule",
          "assetId": "nhRm8M5AC02mES",
          "checksum": "d6ad384890ac7ab27038148ffb4ef774"
        },
        {
          "type": "cssRules",
          "assetId": "nhRm8M5AC02mES",
          "checksum": "d6ad384890ac7ab27038148ffb4ef774"
        },
        {
          "type": "renderModule",
          "assetId": "zfE8ssqwq23Igl",
          "checksum": "02776016916d8e22d97940a47b1ed372"
        },
        {
          "type": "cssRules",
          "assetId": "zfE8ssqwq23Igl",
          "checksum": "02776016916d8e22d97940a47b1ed372"
        },
        {
          "type": "renderModule",
          "assetId": "AexZYHTl9lqOsM",
          "checksum": "8f9e6187618498fe3f9dffdd00f6b5bd"
        },
        {
          "type": "cssRules",
          "assetId": "AexZYHTl9lqOsM",
          "checksum": "8f9e6187618498fe3f9dffdd00f6b5bd"
        },
        {
          "type": "renderModule",
          "assetId": "Rj_4a4yhRN7rgo",
          "checksum": "bb70ea269b2ee55ac9ea189da1327821"
        },
        {
          "type": "cssRules",
          "assetId": "Rj_4a4yhRN7rgo",
          "checksum": "bb70ea269b2ee55ac9ea189da1327821"
        },
        {
          "type": "renderModule",
          "assetId": "JVifp2VzupyUzW",
          "checksum": "fa1dfe12e94814e349e9c9d070e32e52"
        },
        {
          "type": "cssRules",
          "assetId": "JVifp2VzupyUzW",
          "checksum": "fa1dfe12e94814e349e9c9d070e32e52"
        },
        {
          "type": "icon",
          "assetId": "W_1naFomDUlLx5",
          "checksum": "443d6ff5808d457e909f0f9cf4f44af6"
        },
        {
          "type": "icon",
          "assetId": "MX2KV60zV7o7dD",
          "checksum": "dc8fbb7d84b3718afbc7b92412bfb243"
        },
        {
          "type": "icon",
          "assetId": "8dwt-sW_-XkpWZ",
          "checksum": "8e2d6c11456a7c2cf6369bd43f5009c2"
        },
        {
          "type": "icon",
          "assetId": "136yuzxeVf6kYb",
          "checksum": "9ae7680f18b2626f434ed006657336ac"
        },
        {
          "type": "icon",
          "assetId": "M3Z2qWxn5CNCDi",
          "checksum": "c0a26a144784a7ea11a1b1cd24585aaa"
        },
        {
          "type": "icon",
          "assetId": "UjNrnMu_GcpgZV",
          "checksum": "719be059300facf0dbd3d8597cc56675"
        },
        {
          "type": "icon",
          "assetId": "VkgMUagYjzwVTs",
          "checksum": "2fd930e2ad7f7e06f1e5e7d8c1d3a920"
        },
        {
          "type": "icon",
          "assetId": "p3KcZ5t3cPfczs",
          "checksum": "dbce1f10336e8f47fec93e8928715f3c"
        },
        {
          "type": "icon",
          "assetId": "NRkpBMHNRU3I_k",
          "checksum": "85a8f7979b9ad054e82252a851308b0b"
        },
        {
          "type": "image",
          "assetId": "9KCqfzWg5vVwzO",
          "checksum": "3f467f011dadbe1663d6998f0b9a470e"
        },
        {
          "type": "image",
          "assetId": "_zdu8EviX1YE1U",
          "checksum": "5cbc783ea02764711858dd8fd945e63e"
        },
        {
          "type": "image",
          "assetId": "YtAt0RYIb1wiAg",
          "checksum": "f1c562a87a3f5ae11e71388a78591506"
        },
        {
          "type": "image",
          "assetId": "ng5XvZyvgF_kDf",
          "checksum": "a33643822d8cf2749d88ee2771647471"
        },
        {
          "type": "image",
          "assetId": "JmIHeaUxvk2rQH",
          "checksum": "db4206a3699f5d9f880258c9b078bf0e"
        },
        {
          "type": "image",
          "assetId": "oc_ib1xJ4_gqwr",
          "checksum": "87eab4b50f087bcb9f13c8598c3af958"
        },
        {
          "type": "image",
          "assetId": "UZxaULHwYQLvdT",
          "checksum": "f154eaebc965b8635185fa068cc4b936"
        },
        {
          "type": "image",
          "assetId": "5XIU1o7kE6xIAX",
          "checksum": "41dab3c402d3714e1b7631e1dc8426cb"
        },
        {
          "type": "image",
          "assetId": "w5iykwBz5cgVar",
          "checksum": "86194b0d1fa6f34fe3379aadbefe04c5"
        },
        {
          "type": "image",
          "assetId": "CSakEsZtO8AsnF",
          "checksum": "8a274410488791da65b60958ecbf7660"
        },
        {
          "type": "image",
          "assetId": "bGl3ePi5aJHSUa",
          "checksum": "6e1b26f5d89d5f0cfffef64abe919b30"
        },
        {
          "type": "image",
          "assetId": "bSNR7da6MaYFT9",
          "checksum": "87439ef8feaebcfbb411dfc62f83b4af"
        },
        {
          "type": "image",
          "assetId": "9v6twz5EZ6A5x2",
          "checksum": "5a1b73e365807998c4592b2e3a54f905"
        },
        {
          "type": "image",
          "assetId": "cGsJPtMOGbB8fk",
          "checksum": "b91a51dace26827588860f2ab98970f1"
        },
        {
          "type": "image",
          "assetId": "i1NJLCDvUvE93o",
          "checksum": "db6336f74574cb6d68b3c2632c2009c4"
        },
        {
          "type": "image",
          "assetId": "ZxyewEFk5L_75a",
          "checksum": "7ee38316f9a9c51574c683fdde24cded"
        },
        {
          "type": "image",
          "assetId": "tfSoGsuyCXlmNp",
          "checksum": "40b38f502e38edf7377a4c9da68f5489"
        },
        {
          "type": "image",
          "assetId": "ruEaYLbmDHlNc1",
          "checksum": "3a4e17acdff4308e32388d8c539f14c3"
        },
        {
          "type": "image",
          "assetId": "Os57But5LdlOst",
          "checksum": "bef9ca30fbce46057a5546f4f86c84e2"
        },
        {
          "type": "image",
          "assetId": "8xG5UWkbpC8xhA",
          "checksum": "3b29b9b9a2c8709bc4f85f5a5fd01215"
        },
        {
          "type": "image",
          "assetId": "b_A6qHeb1xCezk",
          "checksum": "3d4da2d5e09833771cf826429c2ea010"
        },
        {
          "type": "image",
          "assetId": "cw6qBCmK4tZ2AG",
          "checksum": "3ab4551a4d8335d054e77e0f9c43b260"
        },
        {
          "type": "image",
          "assetId": "3yaWJkSrpdJj2h",
          "checksum": "bca4f36cf06867cff0b541614d70a9ab"
        },
        {
          "type": "image",
          "assetId": "EKrGVQOavAQhdy",
          "checksum": "bc7cc564b3f991f4189f1340e4b2da73"
        },
        {
          "type": "image",
          "assetId": "bIAvm6dGXHCUOu",
          "checksum": "eb6132426cd94b92f8941d1c45301663"
        },
        {
          "type": "image",
          "assetId": "ULa5To4KW1NouT",
          "checksum": "753bf660afa819f18a33063195afc8d0"
        },
        {
          "type": "image",
          "assetId": "leADa0UvzYGgfr",
          "checksum": "9d0f5156ecba5671c8778b59da110fcf"
        },
        {
          "type": "image",
          "assetId": "jqfNIVLFuVltxb",
          "checksum": "1edb59941591393a3128daad6c8032aa"
        },
        {
          "type": "image",
          "assetId": "4Fk5pUhOG_c0v_",
          "checksum": "3786befdd30a55aae15fa720be6417e4"
        },
        {
          "type": "image",
          "assetId": "Q764cae9WMjVlt",
          "checksum": "05f43a5149dfafe3a2824bff38fb59f0"
        },
        {
          "type": "image",
          "assetId": "WMDJngAeKpMCpw",
          "checksum": "baa0b65959e158860afb875db15cf070"
        },
        {
          "type": "image",
          "assetId": "uEBmFf2dB0g7Ln",
          "checksum": "089e1908bcebebb3fd5d58e48c3e5829"
        },
        {
          "type": "image",
          "assetId": "EwnvHMkb_mfVcH",
          "checksum": "a9ebbbe1cccb59fb72dc9a1c99045c09"
        },
        {
          "type": "image",
          "assetId": "cv1HHPzcicjVg7",
          "checksum": "6d914606cd4ebd1630773dc82bd8938b"
        },
        {
          "type": "image",
          "assetId": "CA1XSjMf5xiPCl",
          "checksum": "4e41b6eba0da1cc7461d5533a659563e"
        },
        {
          "type": "image",
          "assetId": "dACQ-W3vsicdre",
          "checksum": "f8fcc1d3d118cee7a9ce76aa53659881"
        },
        {
          "type": "image",
          "assetId": "2J1s6UmxO70wbB",
          "checksum": "8dfa887d877ce77293dd98eb4c207b34"
        }
      ],
      "codegenVersion": "0.0.1"
    }
  ],
  "cliVersion": "0.1.184"
}
